
Microsoft Visual Studio Solution File, Format Version 12.00
# Visual Studio Version 17
VisualStudioVersion = 17.7.34024.191
MinimumVisualStudioVersion = 10.0.40219.1
Project("{FAE04EC0-301F-11D3-BF4B-00C04F79EFBC}") = "BankDataAccessLayer", "BankDataAccessLayer.csproj", "{3532EDA2-1F39-4EA9-B3A5-CF51F64CF788}"
EndProject
Project("{FAE04EC0-301F-11D3-BF4B-00C04F79EFBC}") = "BankBusinessLayer", "..\BankBusinessLayer\BankBusinessLayer.csproj", "{AAC07B27-CCE0-465B-9E39-C49005C8E103}"
EndProject
Global
	GlobalSection(SolutionConfigurationPlatforms) = preSolution
		Debug|Any CPU = Debug|Any CPU
		Release|Any CPU = Release|Any CPU
	EndGlobalSection
	GlobalSection(ProjectConfigurationPlatforms) = postSolution
		{3532EDA2-1F39-4EA9-B3A5-CF51F64CF788}.Debug|Any CPU.ActiveCfg = Debug|Any CPU
		{3532EDA2-1F39-4EA9-B3A5-CF51F64CF788}.Debug|Any CPU.Build.0 = Debug|Any CPU
		{3532EDA2-1F39-4EA9-B3A5-CF51F64CF788}.Release|Any CPU.ActiveCfg = Release|Any CPU
		{3532EDA2-1F39-4EA9-B3A5-CF51F64CF788}.Release|Any CPU.Build.0 = Release|Any CPU
		{AAC07B27-CCE0-465B-9E39-C49005C8E103}.Debug|Any CPU.ActiveCfg = Debug|Any CPU
		{AAC07B27-CCE0-465B-9E39-C49005C8E103}.Debug|Any CPU.Build.0 = Debug|Any CPU
		{AAC07B27-CCE0-465B-9E39-C49005C8E103}.Release|Any CPU.ActiveCfg = Release|Any CPU
		{AAC07B27-CCE0-465B-9E39-C49005C8E103}.Release|Any CPU.Build.0 = Release|Any CPU
	EndGlobalSection
	GlobalSection(SolutionProperties) = preSolution
		HideSolutionNode = FALSE
	EndGlobalSection
	GlobalSection(ExtensibilityGlobals) = postSolution
		SolutionGuid = {1BF91DDC-928B-4627-8EB8-08C0507C145B}
	EndGlobalSection
EndGlobal
